
Microsoft Visual Studio Solution File, Format Version 12.00
# Visual Studio Version 17
VisualStudioVersion = 17.5.002.0
MinimumVisualStudioVersion = 10.0.40219.1
Project("{9A19103F-16F7-4668-BE54-9A1E7A4F7556}") = "TEST1", "TEST1.csproj", "{E86F17B1-F2C0-4552-9AAD-205119BD1D95}"
EndProject
Global
	GlobalSection(SolutionConfigurationPlatforms) = preSolution
		Debug|Any CPU = Debug|Any CPU
		Release|Any CPU = Release|Any CPU
	EndGlobalSection
	GlobalSection(ProjectConfigurationPlatforms) = postSolution
		{E86F17B1-F2C0-4552-9AAD-205119BD1D95}.Debug|Any CPU.ActiveCfg = Debug|Any CPU
		{E86F17B1-F2C0-4552-9AAD-205119BD1D95}.Debug|Any CPU.Build.0 = Debug|Any CPU
		{E86F17B1-F2C0-4552-9AAD-205119BD1D95}.Release|Any CPU.ActiveCfg = Release|Any CPU
		{E86F17B1-F2C0-4552-9AAD-205119BD1D95}.Release|Any CPU.Build.0 = Release|Any CPU
	EndGlobalSection
	GlobalSection(SolutionProperties) = preSolution
		HideSolutionNode = FALSE
	EndGlobalSection
	GlobalSection(ExtensibilityGlobals) = postSolution
		SolutionGuid = {D0B92028-65B7-4B92-9B0A-280B0623B640}
	EndGlobalSection
EndGlobal
